
Microsoft Visual Studio Solution File, Format Version 12.00
# Visual Studio Version 17
VisualStudioVersion = 17.0.31717.71
MinimumVisualStudioVersion = 10.0.40219.1
Project("{9A19103F-16F7-4668-BE54-9A1E7A4F7556}") = "PdfApp", "PdfApp.csproj", "{1B53B0F8-A124-4630-AB73-DD4AB0FF9FEB}"
EndProject
Global
	GlobalSection(SolutionConfigurationPlatforms) = preSolution
		Debug|Any CPU = Debug|Any CPU
		Release|Any CPU = Release|Any CPU
	EndGlobalSection
	GlobalSection(ProjectConfigurationPlatforms) = postSolution
		{1B53B0F8-A124-4630-AB73-DD4AB0FF9FEB}.Debug|Any CPU.ActiveCfg = Debug|Any CPU
		{1B53B0F8-A124-4630-AB73-DD4AB0FF9FEB}.Debug|Any CPU.Build.0 = Debug|Any CPU
		{1B53B0F8-A124-4630-AB73-DD4AB0FF9FEB}.Release|Any CPU.ActiveCfg = Release|Any CPU
		{1B53B0F8-A124-4630-AB73-DD4AB0FF9FEB}.Release|Any CPU.Build.0 = Release|Any CPU
	EndGlobalSection
	GlobalSection(SolutionProperties) = preSolution
		HideSolutionNode = FALSE
	EndGlobalSection
	GlobalSection(ExtensibilityGlobals) = postSolution
		SolutionGuid = {4175394B-F7A9-4318-BE77-0C257C7928D6}
	EndGlobalSection
EndGlobal